
Microsoft Visual Studio Solution File, Format Version 12.00
# Visual Studio Version 17
VisualStudioVersion = 17.0.32014.148
MinimumVisualStudioVersion = 10.0.40219.1
Project("{FAE04EC0-301F-11D3-BF4B-00C04F79EFBC}") = "LineMan", "LineMan\LineMan.csproj", "{C61EFD28-4DC8-4B5A-A272-05C210A59875}"
EndProject
Global
	GlobalSection(SolutionConfigurationPlatforms) = preSolution
		Debug|Any CPU = Debug|Any CPU
		Debug|x86 = Debug|x86
		Release|Any CPU = Release|Any CPU
		Release|x86 = Release|x86
	EndGlobalSection
	GlobalSection(ProjectConfigurationPlatforms) = postSolution
		{C61EFD28-4DC8-4B5A-A272-05C210A59875}.Debug|Any CPU.ActiveCfg = Debug|Any CPU
		{C61EFD28-4DC8-4B5A-A272-05C210A59875}.Debug|Any CPU.Build.0 = Debug|Any CPU
		{C61EFD28-4DC8-4B5A-A272-05C210A59875}.Debug|x86.ActiveCfg = Debug|x86
		{C61EFD28-4DC8-4B5A-A272-05C210A59875}.Debug|x86.Build.0 = Debug|x86
		{C61EFD28-4DC8-4B5A-A272-05C210A59875}.Release|Any CPU.ActiveCfg = Release|Any CPU
		{C61EFD28-4DC8-4B5A-A272-05C210A59875}.Release|Any CPU.Build.0 = Release|Any CPU
		{C61EFD28-4DC8-4B5A-A272-05C210A59875}.Release|x86.ActiveCfg = Release|x86
		{C61EFD28-4DC8-4B5A-A272-05C210A59875}.Release|x86.Build.0 = Release|x86
	EndGlobalSection
	GlobalSection(SolutionProperties) = preSolution
		HideSolutionNode = FALSE
	EndGlobalSection
	GlobalSection(ExtensibilityGlobals) = postSolution
		SolutionGuid = {7A6731BA-3A5A-4232-879F-24FF5C2F146E}
	EndGlobalSection
EndGlobal
